
Microsoft Visual Studio Solution File, Format Version 12.00
# Visual Studio 2013
VisualStudioVersion = 12.0.21005.1
MinimumVisualStudioVersion = 10.0.40219.1
Project("{2150E333-8FDC-42A3-9474-1A3956D46DE8}") = "Doc", "Doc", "{528C5F46-B7AE-4A38-8FE0-479551E2F4B6}"
	ProjectSection(SolutionItems) = preProject
		E:\Entity Framework 6 Recipes.pdf = E:\Entity Framework 6 Recipes.pdf
	EndProjectSection
EndProject
Project("{FAE04EC0-301F-11D3-BF4B-00C04F79EFBC}") = "LoadingEntitiesAndNavigation", "LoadingEntitiesAndNavigation\LoadingEntitiesAndNavigation.csproj", "{FE2FA4DF-9EAA-4BCF-80BF-7B72C3B0F624}"
EndProject
Global
	GlobalSection(SolutionConfigurationPlatforms) = preSolution
		Debug|Any CPU = Debug|Any CPU
		Release|Any CPU = Release|Any CPU
	EndGlobalSection
	GlobalSection(ProjectConfigurationPlatforms) = postSolution
		{FE2FA4DF-9EAA-4BCF-80BF-7B72C3B0F624}.Debug|Any CPU.ActiveCfg = Debug|Any CPU
		{FE2FA4DF-9EAA-4BCF-80BF-7B72C3B0F624}.Debug|Any CPU.Build.0 = Debug|Any CPU
		{FE2FA4DF-9EAA-4BCF-80BF-7B72C3B0F624}.Release|Any CPU.ActiveCfg = Release|Any CPU
		{FE2FA4DF-9EAA-4BCF-80BF-7B72C3B0F624}.Release|Any CPU.Build.0 = Release|Any CPU
	EndGlobalSection
	GlobalSection(SolutionProperties) = preSolution
		HideSolutionNode = FALSE
	EndGlobalSection
EndGlobal
